
Microsoft Visual Studio Solution File, Format Version 12.00
# Visual Studio 15
VisualStudioVersion = 15.0.26430.13
MinimumVisualStudioVersion = 10.0.40219.1
Project("{FAE04EC0-301F-11D3-BF4B-00C04F79EFBC}") = "CoCo", "CoCo\CoCo.csproj", "{A6B65155-538E-4558-B18E-E9534FCC1F4A}"
EndProject
Project("{FAE04EC0-301F-11D3-BF4B-00C04F79EFBC}") = "CoCoVs15", "CoCoVs15\CoCoVs15.csproj", "{A8FA0172-2477-434F-B60A-1DE5AD28B8EE}"
EndProject
Global
	GlobalSection(SolutionConfigurationPlatforms) = preSolution
		Debug|Any CPU = Debug|Any CPU
		Release|Any CPU = Release|Any CPU
	EndGlobalSection
	GlobalSection(ProjectConfigurationPlatforms) = postSolution
		{A6B65155-538E-4558-B18E-E9534FCC1F4A}.Debug|Any CPU.ActiveCfg = Debug|Any CPU
		{A6B65155-538E-4558-B18E-E9534FCC1F4A}.Debug|Any CPU.Build.0 = Debug|Any CPU
		{A6B65155-538E-4558-B18E-E9534FCC1F4A}.Release|Any CPU.ActiveCfg = Release|Any CPU
		{A6B65155-538E-4558-B18E-E9534FCC1F4A}.Release|Any CPU.Build.0 = Release|Any CPU
		{A8FA0172-2477-434F-B60A-1DE5AD28B8EE}.Debug|Any CPU.ActiveCfg = Debug|Any CPU
		{A8FA0172-2477-434F-B60A-1DE5AD28B8EE}.Debug|Any CPU.Build.0 = Debug|Any CPU
		{A8FA0172-2477-434F-B60A-1DE5AD28B8EE}.Release|Any CPU.ActiveCfg = Release|Any CPU
		{A8FA0172-2477-434F-B60A-1DE5AD28B8EE}.Release|Any CPU.Build.0 = Release|Any CPU
	EndGlobalSection
	GlobalSection(SolutionProperties) = preSolution
		HideSolutionNode = FALSE
	EndGlobalSection
EndGlobal
