
Microsoft Visual Studio Solution File, Format Version 12.00
# Visual Studio 15
VisualStudioVersion = 15.0.27130.2036
MinimumVisualStudioVersion = 10.0.40219.1
Project("{FAE04EC0-301F-11D3-BF4B-00C04F79EFBC}") = "CoCo", "CoCo\CoCo.csproj", "{A6B65155-538E-4558-B18E-E9534FCC1F4A}"
EndProject
Project("{FAE04EC0-301F-11D3-BF4B-00C04F79EFBC}") = "CoCo_vs14", "CoCo_vs14\CoCo_vs14.csproj", "{A8FA0172-2477-434F-B60A-1DE5AD28B8EE}"
EndProject
Project("{FAE04EC0-301F-11D3-BF4B-00C04F79EFBC}") = "CoCo.Test.Common", "CoCo.Test.Common\CoCo.Test.Common.csproj", "{0B57BF2D-6001-4317-9527-96C7CF4B20D1}"
EndProject
Project("{FAE04EC0-301F-11D3-BF4B-00C04F79EFBC}") = "CoCo.Logging", "CoCo.Logging\CoCo.Logging.csproj", "{A64F3639-B51D-4C8E-A680-75310FFDA8F9}"
EndProject
Project("{FAE04EC0-301F-11D3-BF4B-00C04F79EFBC}") = "CoCo.Test.CSharpIdentifiers", "CoCo.Test.CSharpIdentifiers\CoCo.Test.CSharpIdentifiers.csproj", "{88E6F8AA-72D4-46BD-BCA2-F5CA22A67E86}"
EndProject
Global
	GlobalSection(SolutionConfigurationPlatforms) = preSolution
		Debug|Any CPU = Debug|Any CPU
		Release|Any CPU = Release|Any CPU
	EndGlobalSection
	GlobalSection(ProjectConfigurationPlatforms) = postSolution
		{A6B65155-538E-4558-B18E-E9534FCC1F4A}.Debug|Any CPU.ActiveCfg = Debug|Any CPU
		{A6B65155-538E-4558-B18E-E9534FCC1F4A}.Debug|Any CPU.Build.0 = Debug|Any CPU
		{A6B65155-538E-4558-B18E-E9534FCC1F4A}.Release|Any CPU.ActiveCfg = Release|Any CPU
		{A6B65155-538E-4558-B18E-E9534FCC1F4A}.Release|Any CPU.Build.0 = Release|Any CPU
		{A8FA0172-2477-434F-B60A-1DE5AD28B8EE}.Debug|Any CPU.ActiveCfg = Debug|Any CPU
		{A8FA0172-2477-434F-B60A-1DE5AD28B8EE}.Debug|Any CPU.Build.0 = Debug|Any CPU
		{A8FA0172-2477-434F-B60A-1DE5AD28B8EE}.Release|Any CPU.ActiveCfg = Release|Any CPU
		{A8FA0172-2477-434F-B60A-1DE5AD28B8EE}.Release|Any CPU.Build.0 = Release|Any CPU
		{0B57BF2D-6001-4317-9527-96C7CF4B20D1}.Debug|Any CPU.ActiveCfg = Debug|Any CPU
		{0B57BF2D-6001-4317-9527-96C7CF4B20D1}.Debug|Any CPU.Build.0 = Debug|Any CPU
		{0B57BF2D-6001-4317-9527-96C7CF4B20D1}.Release|Any CPU.ActiveCfg = Release|Any CPU
		{0B57BF2D-6001-4317-9527-96C7CF4B20D1}.Release|Any CPU.Build.0 = Release|Any CPU
		{A64F3639-B51D-4C8E-A680-75310FFDA8F9}.Debug|Any CPU.ActiveCfg = Debug|Any CPU
		{A64F3639-B51D-4C8E-A680-75310FFDA8F9}.Debug|Any CPU.Build.0 = Debug|Any CPU
		{A64F3639-B51D-4C8E-A680-75310FFDA8F9}.Release|Any CPU.ActiveCfg = Release|Any CPU
		{A64F3639-B51D-4C8E-A680-75310FFDA8F9}.Release|Any CPU.Build.0 = Release|Any CPU
		{88E6F8AA-72D4-46BD-BCA2-F5CA22A67E86}.Debug|Any CPU.ActiveCfg = Debug|Any CPU
		{88E6F8AA-72D4-46BD-BCA2-F5CA22A67E86}.Debug|Any CPU.Build.0 = Debug|Any CPU
		{88E6F8AA-72D4-46BD-BCA2-F5CA22A67E86}.Release|Any CPU.ActiveCfg = Release|Any CPU
		{88E6F8AA-72D4-46BD-BCA2-F5CA22A67E86}.Release|Any CPU.Build.0 = Release|Any CPU
	EndGlobalSection
	GlobalSection(SolutionProperties) = preSolution
		HideSolutionNode = FALSE
	EndGlobalSection
	GlobalSection(ExtensibilityGlobals) = postSolution
		SolutionGuid = {2E41ADD5-581D-4F7B-82ED-2908A04877E8}
	EndGlobalSection
EndGlobal
