
Microsoft Visual Studio Solution File, Format Version 12.00
# Visual Studio 15
VisualStudioVersion = 15.0.27130.2036
MinimumVisualStudioVersion = 10.0.40219.1
Project("{FAE04EC0-301F-11D3-BF4B-00C04F79EFBC}") = "CSharpIdentifiers", "CSharpIdentifiers\CSharpIdentifiers.csproj", "{C91BFA80-61BF-4C54-AE46-40704EF2C7A0}"
EndProject
Project("{F184B08F-C81C-45F6-A57F-5ABD9991F28F}") = "VisualBasicIdentifiers", "VisualBasicIdentifiers\VisualBasicIdentifiers.vbproj", "{62BE863F-8774-47DB-A8C9-AAA94094BCA0}"
EndProject
Global
	GlobalSection(SolutionConfigurationPlatforms) = preSolution
		Debug|Any CPU = Debug|Any CPU
		Release|Any CPU = Release|Any CPU
	EndGlobalSection
	GlobalSection(ProjectConfigurationPlatforms) = postSolution
		{C91BFA80-61BF-4C54-AE46-40704EF2C7A0}.Debug|Any CPU.ActiveCfg = Debug|Any CPU
		{C91BFA80-61BF-4C54-AE46-40704EF2C7A0}.Debug|Any CPU.Build.0 = Debug|Any CPU
		{C91BFA80-61BF-4C54-AE46-40704EF2C7A0}.Release|Any CPU.ActiveCfg = Release|Any CPU
		{C91BFA80-61BF-4C54-AE46-40704EF2C7A0}.Release|Any CPU.Build.0 = Release|Any CPU
		{62BE863F-8774-47DB-A8C9-AAA94094BCA0}.Debug|Any CPU.ActiveCfg = Debug|Any CPU
		{62BE863F-8774-47DB-A8C9-AAA94094BCA0}.Debug|Any CPU.Build.0 = Debug|Any CPU
		{62BE863F-8774-47DB-A8C9-AAA94094BCA0}.Release|Any CPU.ActiveCfg = Release|Any CPU
		{62BE863F-8774-47DB-A8C9-AAA94094BCA0}.Release|Any CPU.Build.0 = Release|Any CPU
	EndGlobalSection
	GlobalSection(SolutionProperties) = preSolution
		HideSolutionNode = FALSE
	EndGlobalSection
	GlobalSection(ExtensibilityGlobals) = postSolution
		SolutionGuid = {80725EEF-6B2E-48BD-A809-0332A7BA3AF2}
	EndGlobalSection
EndGlobal
