
Microsoft Visual Studio Solution File, Format Version 12.00
# Visual Studio 15
VisualStudioVersion = 15.0.27130.2036
MinimumVisualStudioVersion = 10.0.40219.1
Project("{9A19103F-16F7-4668-BE54-9A1E7A4F7556}") = "CoCo_vs15", "vs15\CoCo_vs15\CoCo_vs15.csproj", "{A6B65155-538E-4558-B18E-E9534FCC1F4A}"
EndProject
Project("{9A19103F-16F7-4668-BE54-9A1E7A4F7556}") = "CoCo_vs14", "vs14\CoCo_vs14\CoCo_vs14.csproj", "{A8FA0172-2477-434F-B60A-1DE5AD28B8EE}"
EndProject
Project("{9A19103F-16F7-4668-BE54-9A1E7A4F7556}") = "CoCo.Test.Common_vs15", "vs15\CoCo.Test.Common_vs15\CoCo.Test.Common_vs15.csproj", "{0B57BF2D-6001-4317-9527-96C7CF4B20D1}"
EndProject
Project("{9A19103F-16F7-4668-BE54-9A1E7A4F7556}") = "CoCo.Logging", "common\CoCo.Logging\CoCo.Logging.csproj", "{A64F3639-B51D-4C8E-A680-75310FFDA8F9}"
EndProject
Project("{9A19103F-16F7-4668-BE54-9A1E7A4F7556}") = "CoCo.Test.CSharpIdentifiers_vs15", "vs15\CoCo.Test.CSharpIdentifiers_vs15\CoCo.Test.CSharpIdentifiers_vs15.csproj", "{88E6F8AA-72D4-46BD-BCA2-F5CA22A67E86}"
EndProject
Project("{9A19103F-16F7-4668-BE54-9A1E7A4F7556}") = "CoCo.Utils", "common\CoCo.Utils\CoCo.Utils.csproj", "{601A2A25-2348-4F00-9858-70FF10B39DAB}"
EndProject
Project("{9A19103F-16F7-4668-BE54-9A1E7A4F7556}") = "CoCo.MsBuild", "common\CoCo.MsBuild\CoCo.MsBuild.csproj", "{EDBA3202-304B-4EE4-971F-5C3478F97ABD}"
EndProject
Project("{9A19103F-16F7-4668-BE54-9A1E7A4F7556}") = "CoCo.Test.CSharpIdentifiers_vs14", "vs14\CoCo.Test.CSharpIdentifiers_vs14\CoCo.Test.CSharpIdentifiers_vs14.csproj", "{C0B0A3BA-9B3C-4BCE-948D-19C76C4FAB0B}"
EndProject
Project("{9A19103F-16F7-4668-BE54-9A1E7A4F7556}") = "CoCo.Test.Common_vs14", "vs14\CoCo.Test.Common_vs14\CoCo.Test.Common_vs14.csproj", "{DE073BD6-DEB9-4103-B081-4B43016F890F}"
EndProject
Project("{9A19103F-16F7-4668-BE54-9A1E7A4F7556}") = "CoCo.UI", "common\CoCo.UI\CoCo.UI.csproj", "{136C09A9-8354-4600-8226-B24FA712DF9B}"
EndProject
Project("{9A19103F-16F7-4668-BE54-9A1E7A4F7556}") = "CoCo.Settings", "common\CoCo.Settings\CoCo.Settings.csproj", "{425B6593-2587-4AB2-A844-EDA72C0BB060}"
EndProject
Project("{9A19103F-16F7-4668-BE54-9A1E7A4F7556}") = "CoCo.Analyser_vs15", "vs15\CoCo.Analyser_vs15\CoCo.Analyser_vs15.csproj", "{98E40CFE-9133-4A71-9160-76FC16A723C9}"
EndProject
Project("{9A19103F-16F7-4668-BE54-9A1E7A4F7556}") = "CoCo.Analyser_vs14", "vs14\CoCo.Analyser_vs14\CoCo.Analyser_vs14.csproj", "{1BDAAC0F-3448-4CF5-A740-B5367ACC8FE6}"
EndProject
Project("{9A19103F-16F7-4668-BE54-9A1E7A4F7556}") = "CoCo.Test.VisualBasicIdentifiers_vs15", "vs15\CoCo.Test.VisualBasicIdentifiers_vs15\CoCo.Test.VisualBasicIdentifiers_vs15.csproj", "{3947C041-178C-4338-8ED3-66196E529753}"
EndProject
Project("{9A19103F-16F7-4668-BE54-9A1E7A4F7556}") = "CoCo.Test.VisualBasicIdentifiers_vs14", "vs14\CoCo.Test.VisualBasicIdentifiers_vs14\CoCo.Test.VisualBasicIdentifiers_vs14.csproj", "{71F544A5-6CDE-442F-875B-DA42037DDD44}"
EndProject
Project("{2150E333-8FDC-42A3-9474-1A3956D46DE8}") = "Tests", "Tests", "{DA735785-0FD4-4D4A-9592-EFC63AE0F294}"
EndProject
Project("{9A19103F-16F7-4668-BE54-9A1E7A4F7556}") = "CoCo.Analyser_vs16", "vs16\CoCo.Analyser_vs16\CoCo.Analyser_vs16.csproj", "{1BC1227A-C05E-46D6-BC27-C75C737EFD75}"
EndProject
Project("{9A19103F-16F7-4668-BE54-9A1E7A4F7556}") = "CoCo.Test.Common_vs16", "vs16\CoCo.Test.Common_vs16\CoCo.Test.Common_vs16.csproj", "{350DAFB3-E3B9-409E-8150-D6A57E3F6DC9}"
EndProject
Project("{9A19103F-16F7-4668-BE54-9A1E7A4F7556}") = "CoCo.Test.CSharpIdentifiers_vs16", "vs16\CoCo.Test.CSharpIdentifiers_vs16\CoCo.Test.CSharpIdentifiers_vs16.csproj", "{7FC48628-B5B5-4FC0-A5A2-8CE82C25E00A}"
EndProject
Project("{9A19103F-16F7-4668-BE54-9A1E7A4F7556}") = "CoCo.Test.VisualBasicIdentifiers_vs16", "vs16\CoCo.Test.VisualBasicIdentifiers_vs16\CoCo.Test.VisualBasicIdentifiers_vs16.csproj", "{DED227A0-A631-45D2-AD90-9683FC46BB37}"
EndProject
Global
	GlobalSection(SolutionConfigurationPlatforms) = preSolution
		Debug|Any CPU = Debug|Any CPU
		Release|Any CPU = Release|Any CPU
	EndGlobalSection
	GlobalSection(ProjectConfigurationPlatforms) = postSolution
		{A6B65155-538E-4558-B18E-E9534FCC1F4A}.Debug|Any CPU.ActiveCfg = Debug|Any CPU
		{A6B65155-538E-4558-B18E-E9534FCC1F4A}.Debug|Any CPU.Build.0 = Debug|Any CPU
		{A6B65155-538E-4558-B18E-E9534FCC1F4A}.Release|Any CPU.ActiveCfg = Release|Any CPU
		{A6B65155-538E-4558-B18E-E9534FCC1F4A}.Release|Any CPU.Build.0 = Release|Any CPU
		{A8FA0172-2477-434F-B60A-1DE5AD28B8EE}.Debug|Any CPU.ActiveCfg = Debug|Any CPU
		{A8FA0172-2477-434F-B60A-1DE5AD28B8EE}.Debug|Any CPU.Build.0 = Debug|Any CPU
		{A8FA0172-2477-434F-B60A-1DE5AD28B8EE}.Release|Any CPU.ActiveCfg = Release|Any CPU
		{A8FA0172-2477-434F-B60A-1DE5AD28B8EE}.Release|Any CPU.Build.0 = Release|Any CPU
		{0B57BF2D-6001-4317-9527-96C7CF4B20D1}.Debug|Any CPU.ActiveCfg = Debug|Any CPU
		{0B57BF2D-6001-4317-9527-96C7CF4B20D1}.Debug|Any CPU.Build.0 = Debug|Any CPU
		{0B57BF2D-6001-4317-9527-96C7CF4B20D1}.Release|Any CPU.ActiveCfg = Release|Any CPU
		{0B57BF2D-6001-4317-9527-96C7CF4B20D1}.Release|Any CPU.Build.0 = Release|Any CPU
		{A64F3639-B51D-4C8E-A680-75310FFDA8F9}.Debug|Any CPU.ActiveCfg = Debug|Any CPU
		{A64F3639-B51D-4C8E-A680-75310FFDA8F9}.Debug|Any CPU.Build.0 = Debug|Any CPU
		{A64F3639-B51D-4C8E-A680-75310FFDA8F9}.Release|Any CPU.ActiveCfg = Release|Any CPU
		{A64F3639-B51D-4C8E-A680-75310FFDA8F9}.Release|Any CPU.Build.0 = Release|Any CPU
		{88E6F8AA-72D4-46BD-BCA2-F5CA22A67E86}.Debug|Any CPU.ActiveCfg = Debug|Any CPU
		{88E6F8AA-72D4-46BD-BCA2-F5CA22A67E86}.Debug|Any CPU.Build.0 = Debug|Any CPU
		{88E6F8AA-72D4-46BD-BCA2-F5CA22A67E86}.Release|Any CPU.ActiveCfg = Release|Any CPU
		{88E6F8AA-72D4-46BD-BCA2-F5CA22A67E86}.Release|Any CPU.Build.0 = Release|Any CPU
		{601A2A25-2348-4F00-9858-70FF10B39DAB}.Debug|Any CPU.ActiveCfg = Debug|Any CPU
		{601A2A25-2348-4F00-9858-70FF10B39DAB}.Debug|Any CPU.Build.0 = Debug|Any CPU
		{601A2A25-2348-4F00-9858-70FF10B39DAB}.Release|Any CPU.ActiveCfg = Release|Any CPU
		{601A2A25-2348-4F00-9858-70FF10B39DAB}.Release|Any CPU.Build.0 = Release|Any CPU
		{EDBA3202-304B-4EE4-971F-5C3478F97ABD}.Debug|Any CPU.ActiveCfg = Debug|Any CPU
		{EDBA3202-304B-4EE4-971F-5C3478F97ABD}.Debug|Any CPU.Build.0 = Debug|Any CPU
		{EDBA3202-304B-4EE4-971F-5C3478F97ABD}.Release|Any CPU.ActiveCfg = Release|Any CPU
		{EDBA3202-304B-4EE4-971F-5C3478F97ABD}.Release|Any CPU.Build.0 = Release|Any CPU
		{C0B0A3BA-9B3C-4BCE-948D-19C76C4FAB0B}.Debug|Any CPU.ActiveCfg = Debug|Any CPU
		{C0B0A3BA-9B3C-4BCE-948D-19C76C4FAB0B}.Debug|Any CPU.Build.0 = Debug|Any CPU
		{C0B0A3BA-9B3C-4BCE-948D-19C76C4FAB0B}.Release|Any CPU.ActiveCfg = Release|Any CPU
		{C0B0A3BA-9B3C-4BCE-948D-19C76C4FAB0B}.Release|Any CPU.Build.0 = Release|Any CPU
		{DE073BD6-DEB9-4103-B081-4B43016F890F}.Debug|Any CPU.ActiveCfg = Debug|Any CPU
		{DE073BD6-DEB9-4103-B081-4B43016F890F}.Debug|Any CPU.Build.0 = Debug|Any CPU
		{DE073BD6-DEB9-4103-B081-4B43016F890F}.Release|Any CPU.ActiveCfg = Release|Any CPU
		{DE073BD6-DEB9-4103-B081-4B43016F890F}.Release|Any CPU.Build.0 = Release|Any CPU
		{136C09A9-8354-4600-8226-B24FA712DF9B}.Debug|Any CPU.ActiveCfg = Debug|Any CPU
		{136C09A9-8354-4600-8226-B24FA712DF9B}.Debug|Any CPU.Build.0 = Debug|Any CPU
		{136C09A9-8354-4600-8226-B24FA712DF9B}.Release|Any CPU.ActiveCfg = Release|Any CPU
		{136C09A9-8354-4600-8226-B24FA712DF9B}.Release|Any CPU.Build.0 = Release|Any CPU
		{425B6593-2587-4AB2-A844-EDA72C0BB060}.Debug|Any CPU.ActiveCfg = Debug|Any CPU
		{425B6593-2587-4AB2-A844-EDA72C0BB060}.Debug|Any CPU.Build.0 = Debug|Any CPU
		{425B6593-2587-4AB2-A844-EDA72C0BB060}.Release|Any CPU.ActiveCfg = Release|Any CPU
		{425B6593-2587-4AB2-A844-EDA72C0BB060}.Release|Any CPU.Build.0 = Release|Any CPU
		{98E40CFE-9133-4A71-9160-76FC16A723C9}.Debug|Any CPU.ActiveCfg = Debug|Any CPU
		{98E40CFE-9133-4A71-9160-76FC16A723C9}.Debug|Any CPU.Build.0 = Debug|Any CPU
		{98E40CFE-9133-4A71-9160-76FC16A723C9}.Release|Any CPU.ActiveCfg = Release|Any CPU
		{98E40CFE-9133-4A71-9160-76FC16A723C9}.Release|Any CPU.Build.0 = Release|Any CPU
		{1BDAAC0F-3448-4CF5-A740-B5367ACC8FE6}.Debug|Any CPU.ActiveCfg = Debug|Any CPU
		{1BDAAC0F-3448-4CF5-A740-B5367ACC8FE6}.Debug|Any CPU.Build.0 = Debug|Any CPU
		{1BDAAC0F-3448-4CF5-A740-B5367ACC8FE6}.Release|Any CPU.ActiveCfg = Release|Any CPU
		{1BDAAC0F-3448-4CF5-A740-B5367ACC8FE6}.Release|Any CPU.Build.0 = Release|Any CPU
		{3947C041-178C-4338-8ED3-66196E529753}.Debug|Any CPU.ActiveCfg = Debug|Any CPU
		{3947C041-178C-4338-8ED3-66196E529753}.Debug|Any CPU.Build.0 = Debug|Any CPU
		{3947C041-178C-4338-8ED3-66196E529753}.Release|Any CPU.ActiveCfg = Release|Any CPU
		{3947C041-178C-4338-8ED3-66196E529753}.Release|Any CPU.Build.0 = Release|Any CPU
		{71F544A5-6CDE-442F-875B-DA42037DDD44}.Debug|Any CPU.ActiveCfg = Debug|Any CPU
		{71F544A5-6CDE-442F-875B-DA42037DDD44}.Debug|Any CPU.Build.0 = Debug|Any CPU
		{71F544A5-6CDE-442F-875B-DA42037DDD44}.Release|Any CPU.ActiveCfg = Release|Any CPU
		{71F544A5-6CDE-442F-875B-DA42037DDD44}.Release|Any CPU.Build.0 = Release|Any CPU
		{1BC1227A-C05E-46D6-BC27-C75C737EFD75}.Debug|Any CPU.ActiveCfg = Debug|Any CPU
		{1BC1227A-C05E-46D6-BC27-C75C737EFD75}.Debug|Any CPU.Build.0 = Debug|Any CPU
		{1BC1227A-C05E-46D6-BC27-C75C737EFD75}.Release|Any CPU.ActiveCfg = Release|Any CPU
		{1BC1227A-C05E-46D6-BC27-C75C737EFD75}.Release|Any CPU.Build.0 = Release|Any CPU
		{350DAFB3-E3B9-409E-8150-D6A57E3F6DC9}.Debug|Any CPU.ActiveCfg = Debug|Any CPU
		{350DAFB3-E3B9-409E-8150-D6A57E3F6DC9}.Debug|Any CPU.Build.0 = Debug|Any CPU
		{350DAFB3-E3B9-409E-8150-D6A57E3F6DC9}.Release|Any CPU.ActiveCfg = Release|Any CPU
		{350DAFB3-E3B9-409E-8150-D6A57E3F6DC9}.Release|Any CPU.Build.0 = Release|Any CPU
		{7FC48628-B5B5-4FC0-A5A2-8CE82C25E00A}.Debug|Any CPU.ActiveCfg = Debug|Any CPU
		{7FC48628-B5B5-4FC0-A5A2-8CE82C25E00A}.Debug|Any CPU.Build.0 = Debug|Any CPU
		{7FC48628-B5B5-4FC0-A5A2-8CE82C25E00A}.Release|Any CPU.ActiveCfg = Release|Any CPU
		{7FC48628-B5B5-4FC0-A5A2-8CE82C25E00A}.Release|Any CPU.Build.0 = Release|Any CPU
		{DED227A0-A631-45D2-AD90-9683FC46BB37}.Debug|Any CPU.ActiveCfg = Debug|Any CPU
		{DED227A0-A631-45D2-AD90-9683FC46BB37}.Debug|Any CPU.Build.0 = Debug|Any CPU
		{DED227A0-A631-45D2-AD90-9683FC46BB37}.Release|Any CPU.ActiveCfg = Release|Any CPU
		{DED227A0-A631-45D2-AD90-9683FC46BB37}.Release|Any CPU.Build.0 = Release|Any CPU
	EndGlobalSection
	GlobalSection(SolutionProperties) = preSolution
		HideSolutionNode = FALSE
	EndGlobalSection
	GlobalSection(NestedProjects) = preSolution
		{0B57BF2D-6001-4317-9527-96C7CF4B20D1} = {DA735785-0FD4-4D4A-9592-EFC63AE0F294}
		{88E6F8AA-72D4-46BD-BCA2-F5CA22A67E86} = {DA735785-0FD4-4D4A-9592-EFC63AE0F294}
		{C0B0A3BA-9B3C-4BCE-948D-19C76C4FAB0B} = {DA735785-0FD4-4D4A-9592-EFC63AE0F294}
		{DE073BD6-DEB9-4103-B081-4B43016F890F} = {DA735785-0FD4-4D4A-9592-EFC63AE0F294}
		{3947C041-178C-4338-8ED3-66196E529753} = {DA735785-0FD4-4D4A-9592-EFC63AE0F294}
		{71F544A5-6CDE-442F-875B-DA42037DDD44} = {DA735785-0FD4-4D4A-9592-EFC63AE0F294}
		{350DAFB3-E3B9-409E-8150-D6A57E3F6DC9} = {DA735785-0FD4-4D4A-9592-EFC63AE0F294}
		{7FC48628-B5B5-4FC0-A5A2-8CE82C25E00A} = {DA735785-0FD4-4D4A-9592-EFC63AE0F294}
		{DED227A0-A631-45D2-AD90-9683FC46BB37} = {DA735785-0FD4-4D4A-9592-EFC63AE0F294}
	EndGlobalSection
	GlobalSection(ExtensibilityGlobals) = postSolution
		SolutionGuid = {2E41ADD5-581D-4F7B-82ED-2908A04877E8}
	EndGlobalSection
EndGlobal
